// !$*UTF8*$!
{
	archiveVersion = 1;
	classes = {
	};
	objectVersion = 48;
	objects = {

/* Begin PBXBuildFile section */
		090C8AC720105DD100E58628 /* CustomButton.swift in Sources */ = {isa = PBXBuildFile; fileRef = 090C8AC620105DD100E58628 /* CustomButton.swift */; };
		090C8AC920105E1E00E58628 /* Roundable.swift in Sources */ = {isa = PBXBuildFile; fileRef = 090C8AC820105E1E00E58628 /* Roundable.swift */; };
		0913F9EE2021688900760EEA /* LoadableVCExtension.swift in Sources */ = {isa = PBXBuildFile; fileRef = 0913F9ED2021688900760EEA /* LoadableVCExtension.swift */; };
		09189827202F9D7800DD9B6A /* Inputable.swift in Sources */ = {isa = PBXBuildFile; fileRef = 09189826202F9D7800DD9B6A /* Inputable.swift */; };
		092018862031162000387E0E /* TransitionHandler.swift in Sources */ = {isa = PBXBuildFile; fileRef = 092018852031162000387E0E /* TransitionHandler.swift */; };
		092018882031263A00387E0E /* TransitionService.swift in Sources */ = {isa = PBXBuildFile; fileRef = 092018872031263A00387E0E /* TransitionService.swift */; };
		0920188A20314EA500387E0E /* ResumeDataService.swift in Sources */ = {isa = PBXBuildFile; fileRef = 0920188920314EA500387E0E /* ResumeDataService.swift */; };
		09202DE7200FC87000320D60 /* Gender.swift in Sources */ = {isa = PBXBuildFile; fileRef = 09202DE6200FC87000320D60 /* Gender.swift */; };
		09202DE9200FCAAC00320D60 /* Animatable.swift in Sources */ = {isa = PBXBuildFile; fileRef = 09202DE8200FCAAC00320D60 /* Animatable.swift */; };
		09202DEB200FCB6F00320D60 /* Fadeable.swift in Sources */ = {isa = PBXBuildFile; fileRef = 09202DEA200FCB6F00320D60 /* Fadeable.swift */; };
		09202DF2200FD6E300320D60 /* Loadable.swift in Sources */ = {isa = PBXBuildFile; fileRef = 09202DF1200FD6E300320D60 /* Loadable.swift */; };
		09206D29202BE8E500AFEC6C /* UIColorExtensions.swift in Sources */ = {isa = PBXBuildFile; fileRef = 09206D28202BE8E500AFEC6C /* UIColorExtensions.swift */; };
		09206D2B202BFAE600AFEC6C /* ResumeInfo.swift in Sources */ = {isa = PBXBuildFile; fileRef = 09206D2A202BFAE600AFEC6C /* ResumeInfo.swift */; };
		09206D2D202BFBB500AFEC6C /* UIFontExtension.swift in Sources */ = {isa = PBXBuildFile; fileRef = 09206D2C202BFBB500AFEC6C /* UIFontExtension.swift */; };
		09206D2F202BFF1C00AFEC6C /* ExpandableImageView.swift in Sources */ = {isa = PBXBuildFile; fileRef = 09206D2E202BFF1C00AFEC6C /* ExpandableImageView.swift */; };
		09206D31202BFFF700AFEC6C /* CustomButtonExtension.swift in Sources */ = {isa = PBXBuildFile; fileRef = 09206D30202BFFF700AFEC6C /* CustomButtonExtension.swift */; };
		09388FA2200E585200A8B623 /* Exam.swift in Sources */ = {isa = PBXBuildFile; fileRef = 09388FA1200E585200A8B623 /* Exam.swift */; };
		09388FA9200E72AC00A8B623 /* LoadableVC.swift in Sources */ = {isa = PBXBuildFile; fileRef = 09388FA8200E72AC00A8B623 /* LoadableVC.swift */; };
		09388FAB200EEC5300A8B623 /* ThreeBarButtonsVC.swift in Sources */ = {isa = PBXBuildFile; fileRef = 09388FAA200EEC5300A8B623 /* ThreeBarButtonsVC.swift */; };
		093A36C72028F3A2007CA443 /* Launch Screen.storyboard in Resources */ = {isa = PBXBuildFile; fileRef = 093A36C62028F3A2007CA443 /* Launch Screen.storyboard */; };
		09428DC6202E27E600EC1376 /* KeyboardSetup.swift in Sources */ = {isa = PBXBuildFile; fileRef = 09428DC5202E27E600EC1376 /* KeyboardSetup.swift */; };
		09428DCA202E392700EC1376 /* UIViewExtension.swift in Sources */ = {isa = PBXBuildFile; fileRef = 09428DC9202E392700EC1376 /* UIViewExtension.swift */; };
		09428DCE202E584A00EC1376 /* InputModelView.swift in Sources */ = {isa = PBXBuildFile; fileRef = 09428DCD202E584A00EC1376 /* InputModelView.swift */; };
		09428DD0202E586F00EC1376 /* ModelViewProtocol.swift in Sources */ = {isa = PBXBuildFile; fileRef = 09428DCF202E586F00EC1376 /* ModelViewProtocol.swift */; };
		09428DD2202E5A5600EC1376 /* ModelExam.swift in Sources */ = {isa = PBXBuildFile; fileRef = 09428DD1202E5A5600EC1376 /* ModelExam.swift */; };
		09428DD4202E5A7100EC1376 /* Type.swift in Sources */ = {isa = PBXBuildFile; fileRef = 09428DD3202E5A7100EC1376 /* Type.swift */; };
		09428DD6202E5BF600EC1376 /* ModelButton.swift in Sources */ = {isa = PBXBuildFile; fileRef = 09428DD5202E5BF600EC1376 /* ModelButton.swift */; };
		09497194202E933F00065CAE /* ModelManager.swift in Sources */ = {isa = PBXBuildFile; fileRef = 09497193202E933F00065CAE /* ModelManager.swift */; };
		09497198202EB25600065CAE /* ExamViewController.swift in Sources */ = {isa = PBXBuildFile; fileRef = 09497197202EB25600065CAE /* ExamViewController.swift */; };
		094DDD582017FF5800A9D3F0 /* TwoBarButtonsVC.swift in Sources */ = {isa = PBXBuildFile; fileRef = 094DDD572017FF5800A9D3F0 /* TwoBarButtonsVC.swift */; };
		094DDD5A20180D8C00A9D3F0 /* ExampleCell.swift in Sources */ = {isa = PBXBuildFile; fileRef = 094DDD5920180D8C00A9D3F0 /* ExampleCell.swift */; };
		094DDD5C20180EB600A9D3F0 /* DescriptionVCViewController.swift in Sources */ = {isa = PBXBuildFile; fileRef = 094DDD5B20180EB600A9D3F0 /* DescriptionVCViewController.swift */; };
		0950C362201A568C007CA442 /* GoogleService-Info.plist in Resources */ = {isa = PBXBuildFile; fileRef = 0950C361201A568C007CA442 /* GoogleService-Info.plist */; };
		09554C55202374730043B822 /* ChooseResumeVC.swift in Sources */ = {isa = PBXBuildFile; fileRef = 09554C54202374730043B822 /* ChooseResumeVC.swift */; };
		09554C57202374A80043B822 /* ResumeCell.swift in Sources */ = {isa = PBXBuildFile; fileRef = 09554C56202374A80043B822 /* ResumeCell.swift */; };
		09554C592023A0170043B822 /* EditResumeVC.swift in Sources */ = {isa = PBXBuildFile; fileRef = 09554C582023A0170043B822 /* EditResumeVC.swift */; };
		09554C5E2023C9AC0043B822 /* EditResumeCell.swift in Sources */ = {isa = PBXBuildFile; fileRef = 09554C5D2023C9AC0043B822 /* EditResumeCell.swift */; };
		095BE574202763950011D55C /* PopupVC.swift in Sources */ = {isa = PBXBuildFile; fileRef = 095BE573202763950011D55C /* PopupVC.swift */; };
		095BE57D2027C66E0011D55C /* HistoryView.swift in Sources */ = {isa = PBXBuildFile; fileRef = 095BE57C2027C66E0011D55C /* HistoryView.swift */; };
		095BE57F2027C6920011D55C /* ResumePresentationVCViewController.swift in Sources */ = {isa = PBXBuildFile; fileRef = 095BE57E2027C6920011D55C /* ResumePresentationVCViewController.swift */; };
		095BE5812027C6B60011D55C /* ResumeLeftView.swift in Sources */ = {isa = PBXBuildFile; fileRef = 095BE5802027C6B60011D55C /* ResumeLeftView.swift */; };
		095BE5832027C6D70011D55C /* ResumeRightView.swift in Sources */ = {isa = PBXBuildFile; fileRef = 095BE5822027C6D70011D55C /* ResumeRightView.swift */; };
		095C4B432021291C00271CAB /* PersistantService.swift in Sources */ = {isa = PBXBuildFile; fileRef = 095C4B422021291C00271CAB /* PersistantService.swift */; };
		095C4B4B20212A7000271CAB /* Employment+CoreDataProperties.swift in Sources */ = {isa = PBXBuildFile; fileRef = 095C4B4520212A6F00271CAB /* Employment+CoreDataProperties.swift */; };
		095C4B4C20212A7000271CAB /* Education+CoreDataClass.swift in Sources */ = {isa = PBXBuildFile; fileRef = 095C4B4620212A6F00271CAB /* Education+CoreDataClass.swift */; };
		095C4B4D20212A7000271CAB /* Employment+CoreDataClass.swift in Sources */ = {isa = PBXBuildFile; fileRef = 095C4B4720212A6F00271CAB /* Employment+CoreDataClass.swift */; };
		095C4B4E20212A7000271CAB /* ResumeData+CoreDataProperties.swift in Sources */ = {isa = PBXBuildFile; fileRef = 095C4B4820212A6F00271CAB /* ResumeData+CoreDataProperties.swift */; };
		095C4B4F20212A7000271CAB /* Education+CoreDataProperties.swift in Sources */ = {isa = PBXBuildFile; fileRef = 095C4B4920212A6F00271CAB /* Education+CoreDataProperties.swift */; };
		095C4B5020212A7000271CAB /* ResumeData+CoreDataClass.swift in Sources */ = {isa = PBXBuildFile; fileRef = 095C4B4A20212A6F00271CAB /* ResumeData+CoreDataClass.swift */; };
		095E2003200D617D0078956B /* AppDelegate.swift in Sources */ = {isa = PBXBuildFile; fileRef = 095E2002200D617D0078956B /* AppDelegate.swift */; };
		095E2005200D617D0078956B /* MainVC.swift in Sources */ = {isa = PBXBuildFile; fileRef = 095E2004200D617D0078956B /* MainVC.swift */; };
		095E2008200D617D0078956B /* Main.storyboard in Resources */ = {isa = PBXBuildFile; fileRef = 095E2006200D617D0078956B /* Main.storyboard */; };
		095E200B200D617D0078956B /* GlobalResume.xcdatamodeld in Sources */ = {isa = PBXBuildFile; fileRef = 095E2009200D617D0078956B /* GlobalResume.xcdatamodeld */; };
		095E200D200D617D0078956B /* Assets.xcassets in Resources */ = {isa = PBXBuildFile; fileRef = 095E200C200D617D0078956B /* Assets.xcassets */; };
		095E201B200D617D0078956B /* GlobalResumeTests.swift in Sources */ = {isa = PBXBuildFile; fileRef = 095E201A200D617D0078956B /* GlobalResumeTests.swift */; };
		095E2026200D617D0078956B /* GlobalResumeUITests.swift in Sources */ = {isa = PBXBuildFile; fileRef = 095E2025200D617D0078956B /* GlobalResumeUITests.swift */; };
		095E203E200D669C0078956B /* CircleView.swift in Sources */ = {isa = PBXBuildFile; fileRef = 095E203D200D669C0078956B /* CircleView.swift */; };
		095E2040200D71310078956B /* InputVC.swift in Sources */ = {isa = PBXBuildFile; fileRef = 095E203F200D71310078956B /* InputVC.swift */; };
		095E204B200DB6D80078956B /* ResumeDataHandler.swift in Sources */ = {isa = PBXBuildFile; fileRef = 095E204A200DB6D80078956B /* ResumeDataHandler.swift */; };
		095E204D200DC85C0078956B /* TwoIconButtonsVC.swift in Sources */ = {isa = PBXBuildFile; fileRef = 095E204C200DC85C0078956B /* TwoIconButtonsVC.swift */; };
		098324C620124991003B32FF /* Trigger.swift in Sources */ = {isa = PBXBuildFile; fileRef = 098324C520124991003B32FF /* Trigger.swift */; };
		098324C820124EF1003B32FF /* OneInstance.swift in Sources */ = {isa = PBXBuildFile; fileRef = 098324C720124EF1003B32FF /* OneInstance.swift */; };
		098EA4B0201FE49F006D7E02 /* OpenSans-ExtraBold.ttf in Resources */ = {isa = PBXBuildFile; fileRef = 098EA4AF201FE49E006D7E02 /* OpenSans-ExtraBold.ttf */; };
		09B33545201A83F9005FDEC2 /* FIRFirebaseService.swift in Sources */ = {isa = PBXBuildFile; fileRef = 09B33544201A83F9005FDEC2 /* FIRFirebaseService.swift */; };
		09B33547201A84FD005FDEC2 /* FIRCollectionReferenceParent.swift in Sources */ = {isa = PBXBuildFile; fileRef = 09B33546201A84FD005FDEC2 /* FIRCollectionReferenceParent.swift */; };
		09CE5FB4201FA5AF0073BC4C /* ExamEndedVC.swift in Sources */ = {isa = PBXBuildFile; fileRef = 09CE5FB3201FA5AF0073BC4C /* ExamEndedVC.swift */; };
		09CE5FB6201FA9C30073BC4C /* BobbingImageView.swift in Sources */ = {isa = PBXBuildFile; fileRef = 09CE5FB5201FA9C30073BC4C /* BobbingImageView.swift */; };
		09CE5FB8201FA9E10073BC4C /* Bobbable.swift in Sources */ = {isa = PBXBuildFile; fileRef = 09CE5FB7201FA9E10073BC4C /* Bobbable.swift */; };
		09CE5FBA201FC6720073BC4C /* Expandable.swift in Sources */ = {isa = PBXBuildFile; fileRef = 09CE5FB9201FC6720073BC4C /* Expandable.swift */; };
		25902A771625EBB83E1693F2 /* Pods_GlobalResume.framework in Frameworks */ = {isa = PBXBuildFile; fileRef = F198AD1B0C9D4A2DDAAD90F2 /* Pods_GlobalResume.framework */; };
		3D2A283D99D3F54FA12D7A07 /* Pods_GlobalResumeUITests.framework in Frameworks */ = {isa = PBXBuildFile; fileRef = E82C8D505BAED6B881487A3C /* Pods_GlobalResumeUITests.framework */; };
		AD1E4D958F0E2153E6FCD9C8 /* Pods_GlobalResumeTests.framework in Frameworks */ = {isa = PBXBuildFile; fileRef = FED253CE7340D78FE827612D /* Pods_GlobalResumeTests.framework */; };
/* End PBXBuildFile section */

/* Begin PBXContainerItemProxy section */
		095E2017200D617D0078956B /* PBXContainerItemProxy */ = {
			isa = PBXContainerItemProxy;
			containerPortal = 095E1FF7200D617D0078956B /* Project object */;
			proxyType = 1;
			remoteGlobalIDString = 095E1FFE200D617D0078956B;
			remoteInfo = GlobalResume;
		};
		095E2022200D617D0078956B /* PBXContainerItemProxy */ = {
			isa = PBXContainerItemProxy;
			containerPortal = 095E1FF7200D617D0078956B /* Project object */;
			proxyType = 1;
			remoteGlobalIDString = 095E1FFE200D617D0078956B;
			remoteInfo = GlobalResume;
		};
/* End PBXContainerItemProxy section */

/* Begin PBXFileReference section */
		090C8AC620105DD100E58628 /* CustomButton.swift */ = {isa = PBXFileReference; lastKnownFileType = sourcecode.swift; path = CustomButton.swift; sourceTree = "<group>"; };
		090C8AC820105E1E00E58628 /* Roundable.swift */ = {isa = PBXFileReference; lastKnownFileType = sourcecode.swift; path = Roundable.swift; sourceTree = "<group>"; };
		0913F9ED2021688900760EEA /* LoadableVCExtension.swift */ = {isa = PBXFileReference; lastKnownFileType = sourcecode.swift; path = LoadableVCExtension.swift; sourceTree = "<group>"; };
		09189826202F9D7800DD9B6A /* Inputable.swift */ = {isa = PBXFileReference; lastKnownFileType = sourcecode.swift; path = Inputable.swift; sourceTree = "<group>"; };
		092018852031162000387E0E /* TransitionHandler.swift */ = {isa = PBXFileReference; lastKnownFileType = sourcecode.swift; path = TransitionHandler.swift; sourceTree = "<group>"; };
		092018872031263A00387E0E /* TransitionService.swift */ = {isa = PBXFileReference; lastKnownFileType = sourcecode.swift; path = TransitionService.swift; sourceTree = "<group>"; };
		0920188920314EA500387E0E /* ResumeDataService.swift */ = {isa = PBXFileReference; lastKnownFileType = sourcecode.swift; path = ResumeDataService.swift; sourceTree = "<group>"; };
		09202DE6200FC87000320D60 /* Gender.swift */ = {isa = PBXFileReference; lastKnownFileType = sourcecode.swift; path = Gender.swift; sourceTree = "<group>"; };
		09202DE8200FCAAC00320D60 /* Animatable.swift */ = {isa = PBXFileReference; lastKnownFileType = sourcecode.swift; path = Animatable.swift; sourceTree = "<group>"; };
		09202DEA200FCB6F00320D60 /* Fadeable.swift */ = {isa = PBXFileReference; lastKnownFileType = sourcecode.swift; path = Fadeable.swift; sourceTree = "<group>"; };
		09202DF1200FD6E300320D60 /* Loadable.swift */ = {isa = PBXFileReference; lastKnownFileType = sourcecode.swift; path = Loadable.swift; sourceTree = "<group>"; };
		09206D28202BE8E500AFEC6C /* UIColorExtensions.swift */ = {isa = PBXFileReference; lastKnownFileType = sourcecode.swift; path = UIColorExtensions.swift; sourceTree = "<group>"; };
		09206D2A202BFAE600AFEC6C /* ResumeInfo.swift */ = {isa = PBXFileReference; lastKnownFileType = sourcecode.swift; path = ResumeInfo.swift; sourceTree = "<group>"; };
		09206D2C202BFBB500AFEC6C /* UIFontExtension.swift */ = {isa = PBXFileReference; lastKnownFileType = sourcecode.swift; path = UIFontExtension.swift; sourceTree = "<group>"; };
		09206D2E202BFF1C00AFEC6C /* ExpandableImageView.swift */ = {isa = PBXFileReference; lastKnownFileType = sourcecode.swift; path = ExpandableImageView.swift; sourceTree = "<group>"; };
		09206D30202BFFF700AFEC6C /* CustomButtonExtension.swift */ = {isa = PBXFileReference; lastKnownFileType = sourcecode.swift; path = CustomButtonExtension.swift; sourceTree = "<group>"; };
		09388FA1200E585200A8B623 /* Exam.swift */ = {isa = PBXFileReference; lastKnownFileType = sourcecode.swift; path = Exam.swift; sourceTree = "<group>"; };
		09388FA8200E72AC00A8B623 /* LoadableVC.swift */ = {isa = PBXFileReference; lastKnownFileType = sourcecode.swift; path = LoadableVC.swift; sourceTree = "<group>"; };
		09388FAA200EEC5300A8B623 /* ThreeBarButtonsVC.swift */ = {isa = PBXFileReference; lastKnownFileType = sourcecode.swift; path = ThreeBarButtonsVC.swift; sourceTree = "<group>"; };
		093A36C62028F3A2007CA443 /* Launch Screen.storyboard */ = {isa = PBXFileReference; lastKnownFileType = file.storyboard; path = "Launch Screen.storyboard"; sourceTree = "<group>"; };
		09428DC5202E27E600EC1376 /* KeyboardSetup.swift */ = {isa = PBXFileReference; lastKnownFileType = sourcecode.swift; path = "KeyboardSetu\U0010p.swift"; sourceTree = "<group>"; };
		09428DC9202E392700EC1376 /* UIViewExtension.swift */ = {isa = PBXFileReference; lastKnownFileType = sourcecode.swift; path = UIViewExtension.swift; sourceTree = "<group>"; };
		09428DCD202E584A00EC1376 /* InputModelView.swift */ = {isa = PBXFileReference; lastKnownFileType = sourcecode.swift; path = InputModelView.swift; sourceTree = "<group>"; };
		09428DCF202E586F00EC1376 /* ModelViewProtocol.swift */ = {isa = PBXFileReference; lastKnownFileType = sourcecode.swift; path = ModelViewProtocol.swift; sourceTree = "<group>"; };
		09428DD1202E5A5600EC1376 /* ModelExam.swift */ = {isa = PBXFileReference; lastKnownFileType = sourcecode.swift; path = ModelExam.swift; sourceTree = "<group>"; };
		09428DD3202E5A7100EC1376 /* Type.swift */ = {isa = PBXFileReference; lastKnownFileType = sourcecode.swift; path = Type.swift; sourceTree = "<group>"; };
		09428DD5202E5BF600EC1376 /* ModelButton.swift */ = {isa = PBXFileReference; lastKnownFileType = sourcecode.swift; path = ModelButton.swift; sourceTree = "<group>"; };
		09497193202E933F00065CAE /* ModelManager.swift */ = {isa = PBXFileReference; lastKnownFileType = sourcecode.swift; path = ModelManager.swift; sourceTree = "<group>"; };
		09497197202EB25600065CAE /* ExamViewController.swift */ = {isa = PBXFileReference; lastKnownFileType = sourcecode.swift; path = ExamViewController.swift; sourceTree = "<group>"; };
		094DDD572017FF5800A9D3F0 /* TwoBarButtonsVC.swift */ = {isa = PBXFileReference; lastKnownFileType = sourcecode.swift; path = TwoBarButtonsVC.swift; sourceTree = "<group>"; };
		094DDD5920180D8C00A9D3F0 /* ExampleCell.swift */ = {isa = PBXFileReference; lastKnownFileType = sourcecode.swift; path = ExampleCell.swift; sourceTree = "<group>"; };
		094DDD5B20180EB600A9D3F0 /* DescriptionVCViewController.swift */ = {isa = PBXFileReference; lastKnownFileType = sourcecode.swift; path = DescriptionVCViewController.swift; sourceTree = "<group>"; };
		0950C361201A568C007CA442 /* GoogleService-Info.plist */ = {isa = PBXFileReference; fileEncoding = 4; lastKnownFileType = text.plist.xml; name = "GoogleService-Info.plist"; path = "../../../Firebase/Google Info Docs/GoogleService-Info.plist"; sourceTree = "<group>"; };
		09554C54202374730043B822 /* ChooseResumeVC.swift */ = {isa = PBXFileReference; lastKnownFileType = sourcecode.swift; path = ChooseResumeVC.swift; sourceTree = "<group>"; };
		09554C56202374A80043B822 /* ResumeCell.swift */ = {isa = PBXFileReference; lastKnownFileType = sourcecode.swift; path = ResumeCell.swift; sourceTree = "<group>"; };
		09554C582023A0170043B822 /* EditResumeVC.swift */ = {isa = PBXFileReference; lastKnownFileType = sourcecode.swift; path = EditResumeVC.swift; sourceTree = "<group>"; };
		09554C5D2023C9AC0043B822 /* EditResumeCell.swift */ = {isa = PBXFileReference; lastKnownFileType = sourcecode.swift; path = EditResumeCell.swift; sourceTree = "<group>"; };
		095BE573202763950011D55C /* PopupVC.swift */ = {isa = PBXFileReference; lastKnownFileType = sourcecode.swift; path = PopupVC.swift; sourceTree = "<group>"; };
		095BE57C2027C66E0011D55C /* HistoryView.swift */ = {isa = PBXFileReference; lastKnownFileType = sourcecode.swift; path = HistoryView.swift; sourceTree = "<group>"; };
		095BE57E2027C6920011D55C /* ResumePresentationVCViewController.swift */ = {isa = PBXFileReference; lastKnownFileType = sourcecode.swift; path = ResumePresentationVCViewController.swift; sourceTree = "<group>"; };
		095BE5802027C6B60011D55C /* ResumeLeftView.swift */ = {isa = PBXFileReference; lastKnownFileType = sourcecode.swift; path = ResumeLeftView.swift; sourceTree = "<group>"; };
		095BE5822027C6D70011D55C /* ResumeRightView.swift */ = {isa = PBXFileReference; lastKnownFileType = sourcecode.swift; path = ResumeRightView.swift; sourceTree = "<group>"; };
		095C4B422021291C00271CAB /* PersistantService.swift */ = {isa = PBXFileReference; lastKnownFileType = sourcecode.swift; path = PersistantService.swift; sourceTree = "<group>"; };
		095C4B4520212A6F00271CAB /* Employment+CoreDataProperties.swift */ = {isa = PBXFileReference; fileEncoding = 4; lastKnownFileType = sourcecode.swift; name = "Employment+CoreDataProperties.swift"; path = "GlobalResume/Model/CoreData/Employment+CoreDataProperties.swift"; sourceTree = SOURCE_ROOT; };
		095C4B4620212A6F00271CAB /* Education+CoreDataClass.swift */ = {isa = PBXFileReference; fileEncoding = 4; lastKnownFileType = sourcecode.swift; name = "Education+CoreDataClass.swift"; path = "GlobalResume/Model/CoreData/Education+CoreDataClass.swift"; sourceTree = SOURCE_ROOT; };
		095C4B4720212A6F00271CAB /* Employment+CoreDataClass.swift */ = {isa = PBXFileReference; fileEncoding = 4; lastKnownFileType = sourcecode.swift; name = "Employment+CoreDataClass.swift"; path = "GlobalResume/Model/CoreData/Employment+CoreDataClass.swift"; sourceTree = SOURCE_ROOT; };
		095C4B4820212A6F00271CAB /* ResumeData+CoreDataProperties.swift */ = {isa = PBXFileReference; fileEncoding = 4; lastKnownFileType = sourcecode.swift; name = "ResumeData+CoreDataProperties.swift"; path = "GlobalResume/Model/CoreData/ResumeData+CoreDataProperties.swift"; sourceTree = SOURCE_ROOT; };
		095C4B4920212A6F00271CAB /* Education+CoreDataProperties.swift */ = {isa = PBXFileReference; fileEncoding = 4; lastKnownFileType = sourcecode.swift; name = "Education+CoreDataProperties.swift"; path = "GlobalResume/Model/CoreData/Education+CoreDataProperties.swift"; sourceTree = SOURCE_ROOT; };
		095C4B4A20212A6F00271CAB /* ResumeData+CoreDataClass.swift */ = {isa = PBXFileReference; fileEncoding = 4; lastKnownFileType = sourcecode.swift; name = "ResumeData+CoreDataClass.swift"; path = "GlobalResume/Model/CoreData/ResumeData+CoreDataClass.swift"; sourceTree = SOURCE_ROOT; };
		095E1FFF200D617D0078956B /* GlobalResume.app */ = {isa = PBXFileReference; explicitFileType = wrapper.application; includeInIndex = 0; path = GlobalResume.app; sourceTree = BUILT_PRODUCTS_DIR; };
		095E2002200D617D0078956B /* AppDelegate.swift */ = {isa = PBXFileReference; lastKnownFileType = sourcecode.swift; path = AppDelegate.swift; sourceTree = "<group>"; };
		095E2004200D617D0078956B /* MainVC.swift */ = {isa = PBXFileReference; lastKnownFileType = sourcecode.swift; path = MainVC.swift; sourceTree = "<group>"; };
		095E2007200D617D0078956B /* Base */ = {isa = PBXFileReference; lastKnownFileType = file.storyboard; name = Base; path = Base.lproj/Main.storyboard; sourceTree = "<group>"; };
		095E200A200D617D0078956B /* GlobalResume.xcdatamodel */ = {isa = PBXFileReference; lastKnownFileType = wrapper.xcdatamodel; path = GlobalResume.xcdatamodel; sourceTree = "<group>"; };
		095E200C200D617D0078956B /* Assets.xcassets */ = {isa = PBXFileReference; lastKnownFileType = folder.assetcatalog; path = Assets.xcassets; sourceTree = "<group>"; };
		095E2011200D617D0078956B /* Info.plist */ = {isa = PBXFileReference; lastKnownFileType = text.plist.xml; path = Info.plist; sourceTree = "<group>"; };
		095E2016200D617D0078956B /* GlobalResumeTests.xctest */ = {isa = PBXFileReference; explicitFileType = wrapper.cfbundle; includeInIndex = 0; path = GlobalResumeTests.xctest; sourceTree = BUILT_PRODUCTS_DIR; };
		095E201A200D617D0078956B /* GlobalResumeTests.swift */ = {isa = PBXFileReference; lastKnownFileType = sourcecode.swift; path = GlobalResumeTests.swift; sourceTree = "<group>"; };
		095E201C200D617D0078956B /* Info.plist */ = {isa = PBXFileReference; lastKnownFileType = text.plist.xml; path = Info.plist; sourceTree = "<group>"; };
		095E2021200D617D0078956B /* GlobalResumeUITests.xctest */ = {isa = PBXFileReference; explicitFileType = wrapper.cfbundle; includeInIndex = 0; path = GlobalResumeUITests.xctest; sourceTree = BUILT_PRODUCTS_DIR; };
		095E2025200D617D0078956B /* GlobalResumeUITests.swift */ = {isa = PBXFileReference; lastKnownFileType = sourcecode.swift; path = GlobalResumeUITests.swift; sourceTree = "<group>"; };
		095E2027200D617D0078956B /* Info.plist */ = {isa = PBXFileReference; lastKnownFileType = text.plist.xml; path = Info.plist; sourceTree = "<group>"; };
		095E203D200D669C0078956B /* CircleView.swift */ = {isa = PBXFileReference; lastKnownFileType = sourcecode.swift; path = CircleView.swift; sourceTree = "<group>"; };
		095E203F200D71310078956B /* InputVC.swift */ = {isa = PBXFileReference; lastKnownFileType = sourcecode.swift; path = InputVC.swift; sourceTree = "<group>"; };
		095E2044200D9BA80078956B /* OpenSans-Light.ttf */ = {isa = PBXFileReference; lastKnownFileType = file; path = "OpenSans-Light.ttf"; sourceTree = "<group>"; };
		095E2045200D9BAD0078956B /* OpenSans-Regular.ttf */ = {isa = PBXFileReference; lastKnownFileType = file; path = "OpenSans-Regular.ttf"; sourceTree = "<group>"; };
		095E204A200DB6D80078956B /* ResumeDataHandler.swift */ = {isa = PBXFileReference; lastKnownFileType = sourcecode.swift; path = ResumeDataHandler.swift; sourceTree = "<group>"; };
		095E204C200DC85C0078956B /* TwoIconButtonsVC.swift */ = {isa = PBXFileReference; lastKnownFileType = sourcecode.swift; path = TwoIconButtonsVC.swift; sourceTree = "<group>"; };
		098324C520124991003B32FF /* Trigger.swift */ = {isa = PBXFileReference; lastKnownFileType = sourcecode.swift; path = Trigger.swift; sourceTree = "<group>"; };
		098324C720124EF1003B32FF /* OneInstance.swift */ = {isa = PBXFileReference; lastKnownFileType = sourcecode.swift; path = OneInstance.swift; sourceTree = "<group>"; };
		098EA4AF201FE49E006D7E02 /* OpenSans-ExtraBold.ttf */ = {isa = PBXFileReference; lastKnownFileType = file; name = "OpenSans-ExtraBold.ttf"; path = "../../../../../Downloads/Open-Sans-Light/OpenSans-ExtraBold.ttf"; sourceTree = "<group>"; };
		098F1BE8609678B660108273 /* Pods-GlobalResume.release.xcconfig */ = {isa = PBXFileReference; includeInIndex = 1; lastKnownFileType = text.xcconfig; name = "Pods-GlobalResume.release.xcconfig"; path = "Pods/Target Support Files/Pods-GlobalResume/Pods-GlobalResume.release.xcconfig"; sourceTree = "<group>"; };
		09B33544201A83F9005FDEC2 /* FIRFirebaseService.swift */ = {isa = PBXFileReference; lastKnownFileType = sourcecode.swift; path = FIRFirebaseService.swift; sourceTree = "<group>"; };
		09B33546201A84FD005FDEC2 /* FIRCollectionReferenceParent.swift */ = {isa = PBXFileReference; lastKnownFileType = sourcecode.swift; path = FIRCollectionReferenceParent.swift; sourceTree = "<group>"; };
		09CE5FB3201FA5AF0073BC4C /* ExamEndedVC.swift */ = {isa = PBXFileReference; lastKnownFileType = sourcecode.swift; path = ExamEndedVC.swift; sourceTree = "<group>"; };
		09CE5FB5201FA9C30073BC4C /* BobbingImageView.swift */ = {isa = PBXFileReference; lastKnownFileType = sourcecode.swift; path = BobbingImageView.swift; sourceTree = "<group>"; };
		09CE5FB7201FA9E10073BC4C /* Bobbable.swift */ = {isa = PBXFileReference; lastKnownFileType = sourcecode.swift; path = Bobbable.swift; sourceTree = "<group>"; };
		09CE5FB9201FC6720073BC4C /* Expandable.swift */ = {isa = PBXFileReference; lastKnownFileType = sourcecode.swift; path = Expandable.swift; sourceTree = "<group>"; };
		30C5ECFDACCE568DC9634724 /* Pods-GlobalResumeUITests.release.xcconfig */ = {isa = PBXFileReference; includeInIndex = 1; lastKnownFileType = text.xcconfig; name = "Pods-GlobalResumeUITests.release.xcconfig"; path = "Pods/Target Support Files/Pods-GlobalResumeUITests/Pods-GlobalResumeUITests.release.xcconfig"; sourceTree = "<group>"; };
		805B89746B92149B9FF41B00 /* Pods-GlobalResume.debug.xcconfig */ = {isa = PBXFileReference; includeInIndex = 1; lastKnownFileType = text.xcconfig; name = "Pods-GlobalResume.debug.xcconfig"; path = "Pods/Target Support Files/Pods-GlobalResume/Pods-GlobalResume.debug.xcconfig"; sourceTree = "<group>"; };
		A65ED7BFFECE6A7EC422AE08 /* Pods-GlobalResumeUITests.debug.xcconfig */ = {isa = PBXFileReference; includeInIndex = 1; lastKnownFileType = text.xcconfig; name = "Pods-GlobalResumeUITests.debug.xcconfig"; path = "Pods/Target Support Files/Pods-GlobalResumeUITests/Pods-GlobalResumeUITests.debug.xcconfig"; sourceTree = "<group>"; };
		CF18B223AD9D2B26DF0D3FE8 /* Pods-GlobalResumeTests.debug.xcconfig */ = {isa = PBXFileReference; includeInIndex = 1; lastKnownFileType = text.xcconfig; name = "Pods-GlobalResumeTests.debug.xcconfig"; path = "Pods/Target Support Files/Pods-GlobalResumeTests/Pods-GlobalResumeTests.debug.xcconfig"; sourceTree = "<group>"; };
		E82C8D505BAED6B881487A3C /* Pods_GlobalResumeUITests.framework */ = {isa = PBXFileReference; explicitFileType = wrapper.framework; includeInIndex = 0; path = Pods_GlobalResumeUITests.framework; sourceTree = BUILT_PRODUCTS_DIR; };
		F198AD1B0C9D4A2DDAAD90F2 /* Pods_GlobalResume.framework */ = {isa = PBXFileReference; explicitFileType = wrapper.framework; includeInIndex = 0; path = Pods_GlobalResume.framework; sourceTree = BUILT_PRODUCTS_DIR; };
		F63CBB0466921259852152F5 /* Pods-GlobalResumeTests.release.xcconfig */ = {isa = PBXFileReference; includeInIndex = 1; lastKnownFileType = text.xcconfig; name = "Pods-GlobalResumeTests.release.xcconfig"; path = "Pods/Target Support Files/Pods-GlobalResumeTests/Pods-GlobalResumeTests.release.xcconfig"; sourceTree = "<group>"; };
		FED253CE7340D78FE827612D /* Pods_GlobalResumeTests.framework */ = {isa = PBXFileReference; explicitFileType = wrapper.framework; includeInIndex = 0; path = Pods_GlobalResumeTests.framework; sourceTree = BUILT_PRODUCTS_DIR; };
/* End PBXFileReference section */

/* Begin PBXFrameworksBuildPhase section */
		095E1FFC200D617D0078956B /* Frameworks */ = {
			isa = PBXFrameworksBuildPhase;
			buildActionMask = 2147483647;
			files = (
				25902A771625EBB83E1693F2 /* Pods_GlobalResume.framework in Frameworks */,
			);
			runOnlyForDeploymentPostprocessing = 0;
		};
		095E2013200D617D0078956B /* Frameworks */ = {
			isa = PBXFrameworksBuildPhase;
			buildActionMask = 2147483647;
			files = (
				AD1E4D958F0E2153E6FCD9C8 /* Pods_GlobalResumeTests.framework in Frameworks */,
			);
			runOnlyForDeploymentPostprocessing = 0;
		};
		095E201E200D617D0078956B /* Frameworks */ = {
			isa = PBXFrameworksBuildPhase;
			buildActionMask = 2147483647;
			files = (
				3D2A283D99D3F54FA12D7A07 /* Pods_GlobalResumeUITests.framework in Frameworks */,
			);
			runOnlyForDeploymentPostprocessing = 0;
		};
/* End PBXFrameworksBuildPhase section */

/* Begin PBXGroup section */
		0913F9EC2021687000760EEA /* Extensions */ = {
			isa = PBXGroup;
			children = (
				0913F9ED2021688900760EEA /* LoadableVCExtension.swift */,
				09206D28202BE8E500AFEC6C /* UIColorExtensions.swift */,
				09206D2C202BFBB500AFEC6C /* UIFontExtension.swift */,
				09206D30202BFFF700AFEC6C /* CustomButtonExtension.swift */,
				09428DC9202E392700EC1376 /* UIViewExtension.swift */,
			);
			path = Extensions;
			sourceTree = "<group>";
		};
		09202DEE200FCF9C00320D60 /* Animations */ = {
			isa = PBXGroup;
			children = (
				09202DE8200FCAAC00320D60 /* Animatable.swift */,
				09202DEA200FCB6F00320D60 /* Fadeable.swift */,
				09202DF1200FD6E300320D60 /* Loadable.swift */,
				09CE5FB7201FA9E10073BC4C /* Bobbable.swift */,
				09CE5FB9201FC6720073BC4C /* Expandable.swift */,
			);
			path = Animations;
			sourceTree = "<group>";
		};
		09202DF5200FE38900320D60 /* Utils */ = {
			isa = PBXGroup;
			children = (
				09428DC4202E27D400EC1376 /* Classes */,
				098324C720124EF1003B32FF /* OneInstance.swift */,
				09B33544201A83F9005FDEC2 /* FIRFirebaseService.swift */,
				095C4B422021291C00271CAB /* PersistantService.swift */,
			);
			path = Utils;
			sourceTree = "<group>";
		};
		0922C82020321AE50034BC16 /* Transitions */ = {
			isa = PBXGroup;
			children = (
				092018852031162000387E0E /* TransitionHandler.swift */,
				092018872031263A00387E0E /* TransitionService.swift */,
			);
			path = Transitions;
			sourceTree = "<group>";
		};
		0922C82120321AF10034BC16 /* Data */ = {
			isa = PBXGroup;
			children = (
				095E204A200DB6D80078956B /* ResumeDataHandler.swift */,
				0920188920314EA500387E0E /* ResumeDataService.swift */,
			);
			path = Data;
			sourceTree = "<group>";
		};
		09388FA0200E583900A8B623 /* Constants */ = {
			isa = PBXGroup;
			children = (
				09428DD3202E5A7100EC1376 /* Type.swift */,
				09388FA1200E585200A8B623 /* Exam.swift */,
				098324C520124991003B32FF /* Trigger.swift */,
				09202DE6200FC87000320D60 /* Gender.swift */,
				09B33546201A84FD005FDEC2 /* FIRCollectionReferenceParent.swift */,
				09206D2A202BFAE600AFEC6C /* ResumeInfo.swift */,
			);
			path = Constants;
			sourceTree = "<group>";
		};
		09388FA7200E729E00A8B623 /* Protocols */ = {
			isa = PBXGroup;
			children = (
				09497197202EB25600065CAE /* ExamViewController.swift */,
				09428DCF202E586F00EC1376 /* ModelViewProtocol.swift */,
				090C8AC820105E1E00E58628 /* Roundable.swift */,
				09388FA8200E72AC00A8B623 /* LoadableVC.swift */,
				09202DEE200FCF9C00320D60 /* Animations */,
				09189826202F9D7800DD9B6A /* Inputable.swift */,
			);
			path = Protocols;
			sourceTree = "<group>";
		};
		09428DC4202E27D400EC1376 /* Classes */ = {
			isa = PBXGroup;
			children = (
				09428DC5202E27E600EC1376 /* KeyboardSetup.swift */,
				0922C82120321AF10034BC16 /* Data */,
				0922C82020321AE50034BC16 /* Transitions */,
			);
			path = Classes;
			sourceTree = "<group>";
		};
		09428DCB202E51FF00EC1376 /* CoreData */ = {
			isa = PBXGroup;
			children = (
				095C4B4A20212A6F00271CAB /* ResumeData+CoreDataClass.swift */,
				095C4B4820212A6F00271CAB /* ResumeData+CoreDataProperties.swift */,
				095C4B4720212A6F00271CAB /* Employment+CoreDataClass.swift */,
				095C4B4520212A6F00271CAB /* Employment+CoreDataProperties.swift */,
				095C4B4620212A6F00271CAB /* Education+CoreDataClass.swift */,
				095C4B4920212A6F00271CAB /* Education+CoreDataProperties.swift */,
			);
			path = CoreData;
			sourceTree = "<group>";
		};
		09428DCC202E520C00EC1376 /* ModelViews */ = {
			isa = PBXGroup;
			children = (
				09428DCD202E584A00EC1376 /* InputModelView.swift */,
			);
			path = ModelViews;
			sourceTree = "<group>";
		};
		09554C5C2023A7A70043B822 /* EditResume */ = {
			isa = PBXGroup;
			children = (
				095BE57E2027C6920011D55C /* ResumePresentationVCViewController.swift */,
				09554C54202374730043B822 /* ChooseResumeVC.swift */,
				09554C582023A0170043B822 /* EditResumeVC.swift */,
				095BE573202763950011D55C /* PopupVC.swift */,
			);
			path = EditResume;
			sourceTree = "<group>";
		};
		095BE57B2027C6580011D55C /* Resume */ = {
			isa = PBXGroup;
			children = (
				095BE57C2027C66E0011D55C /* HistoryView.swift */,
				095BE5802027C6B60011D55C /* ResumeLeftView.swift */,
				095BE5822027C6D70011D55C /* ResumeRightView.swift */,
			);
			path = Resume;
			sourceTree = "<group>";
		};
		095E1FF6200D617D0078956B = {
			isa = PBXGroup;
			children = (
				095E2001200D617D0078956B /* GlobalResume */,
				095E2019200D617D0078956B /* GlobalResumeTests */,
				095E2024200D617D0078956B /* GlobalResumeUITests */,
				095E2000200D617D0078956B /* Products */,
				DF16EA052B7E4EAF5CF2D5A9 /* Pods */,
				B953C61C6422254F0106A8ED /* Frameworks */,
			);
			sourceTree = "<group>";
		};
		095E2000200D617D0078956B /* Products */ = {
			isa = PBXGroup;
			children = (
				095E1FFF200D617D0078956B /* GlobalResume.app */,
				095E2016200D617D0078956B /* GlobalResumeTests.xctest */,
				095E2021200D617D0078956B /* GlobalResumeUITests.xctest */,
			);
			name = Products;
			sourceTree = "<group>";
		};
		095E2001200D617D0078956B /* GlobalResume */ = {
			isa = PBXGroup;
			children = (
				0913F9EC2021687000760EEA /* Extensions */,
				09202DF5200FE38900320D60 /* Utils */,
				09388FA7200E729E00A8B623 /* Protocols */,
				09388FA0200E583900A8B623 /* Constants */,
				095E203C200D66320078956B /* Model */,
				095E203B200D661E0078956B /* View */,
				095E203A200D660E0078956B /* Controller */,
				095E2002200D617D0078956B /* AppDelegate.swift */,
				095E2006200D617D0078956B /* Main.storyboard */,
				093A36C62028F3A2007CA443 /* Launch Screen.storyboard */,
				095E200C200D617D0078956B /* Assets.xcassets */,
				095E2011200D617D0078956B /* Info.plist */,
				095E2009200D617D0078956B /* GlobalResume.xcdatamodeld */,
				0950C361201A568C007CA442 /* GoogleService-Info.plist */,
				095E2043200D9B9B0078956B /* Fonts */,
			);
			path = GlobalResume;
			sourceTree = "<group>";
		};
		095E2019200D617D0078956B /* GlobalResumeTests */ = {
			isa = PBXGroup;
			children = (
				095E201A200D617D0078956B /* GlobalResumeTests.swift */,
				095E201C200D617D0078956B /* Info.plist */,
			);
			path = GlobalResumeTests;
			sourceTree = "<group>";
		};
		095E2024200D617D0078956B /* GlobalResumeUITests */ = {
			isa = PBXGroup;
			children = (
				095E2025200D617D0078956B /* GlobalResumeUITests.swift */,
				095E2027200D617D0078956B /* Info.plist */,
			);
			path = GlobalResumeUITests;
			sourceTree = "<group>";
		};
		095E203A200D660E0078956B /* Controller */ = {
			isa = PBXGroup;
			children = (
				09554C5C2023A7A70043B822 /* EditResume */,
				095E2004200D617D0078956B /* MainVC.swift */,
				095E203F200D71310078956B /* InputVC.swift */,
				095E204C200DC85C0078956B /* TwoIconButtonsVC.swift */,
				09388FAA200EEC5300A8B623 /* ThreeBarButtonsVC.swift */,
				094DDD572017FF5800A9D3F0 /* TwoBarButtonsVC.swift */,
				094DDD5B20180EB600A9D3F0 /* DescriptionVCViewController.swift */,
				09CE5FB3201FA5AF0073BC4C /* ExamEndedVC.swift */,
			);
			path = Controller;
			sourceTree = "<group>";
		};
		095E203B200D661E0078956B /* View */ = {
			isa = PBXGroup;
			children = (
				095BE57B2027C6580011D55C /* Resume */,
				090C8AC620105DD100E58628 /* CustomButton.swift */,
				095E203D200D669C0078956B /* CircleView.swift */,
				094DDD5920180D8C00A9D3F0 /* ExampleCell.swift */,
				09CE5FB5201FA9C30073BC4C /* BobbingImageView.swift */,
				09554C56202374A80043B822 /* ResumeCell.swift */,
				09554C5D2023C9AC0043B822 /* EditResumeCell.swift */,
				09206D2E202BFF1C00AFEC6C /* ExpandableImageView.swift */,
			);
			path = View;
			sourceTree = "<group>";
		};
		095E203C200D66320078956B /* Model */ = {
			isa = PBXGroup;
			children = (
				09497193202E933F00065CAE /* ModelManager.swift */,
				09428DD1202E5A5600EC1376 /* ModelExam.swift */,
				09428DD5202E5BF600EC1376 /* ModelButton.swift */,
				09428DCC202E520C00EC1376 /* ModelViews */,
				09428DCB202E51FF00EC1376 /* CoreData */,
			);
			path = Model;
			sourceTree = "<group>";
		};
		095E2043200D9B9B0078956B /* Fonts */ = {
			isa = PBXGroup;
			children = (
				098EA4AF201FE49E006D7E02 /* OpenSans-ExtraBold.ttf */,
				095E2045200D9BAD0078956B /* OpenSans-Regular.ttf */,
				095E2044200D9BA80078956B /* OpenSans-Light.ttf */,
			);
			path = Fonts;
			sourceTree = "<group>";
		};
		B953C61C6422254F0106A8ED /* Frameworks */ = {
			isa = PBXGroup;
			children = (
				F198AD1B0C9D4A2DDAAD90F2 /* Pods_GlobalResume.framework */,
				FED253CE7340D78FE827612D /* Pods_GlobalResumeTests.framework */,
				E82C8D505BAED6B881487A3C /* Pods_GlobalResumeUITests.framework */,
			);
			name = Frameworks;
			sourceTree = "<group>";
		};
		DF16EA052B7E4EAF5CF2D5A9 /* Pods */ = {
			isa = PBXGroup;
			children = (
				805B89746B92149B9FF41B00 /* Pods-GlobalResume.debug.xcconfig */,
				098F1BE8609678B660108273 /* Pods-GlobalResume.release.xcconfig */,
				CF18B223AD9D2B26DF0D3FE8 /* Pods-GlobalResumeTests.debug.xcconfig */,
				F63CBB0466921259852152F5 /* Pods-GlobalResumeTests.release.xcconfig */,
				A65ED7BFFECE6A7EC422AE08 /* Pods-GlobalResumeUITests.debug.xcconfig */,
				30C5ECFDACCE568DC9634724 /* Pods-GlobalResumeUITests.release.xcconfig */,
			);
			name = Pods;
			sourceTree = "<group>";
		};
/* End PBXGroup section */

/* Begin PBXNativeTarget section */
		095E1FFE200D617D0078956B /* GlobalResume */ = {
			isa = PBXNativeTarget;
			buildConfigurationList = 095E202A200D617D0078956B /* Build configuration list for PBXNativeTarget "GlobalResume" */;
			buildPhases = (
				276211A7D157FC3E64399472 /* [CP] Check Pods Manifest.lock */,
				095E1FFB200D617D0078956B /* Sources */,
				095E1FFC200D617D0078956B /* Frameworks */,
				095E1FFD200D617D0078956B /* Resources */,
				F9D0AD66AD217F50F8F09423 /* [CP] Embed Pods Frameworks */,
				F892DE3C67564871D5510FD4 /* [CP] Copy Pods Resources */,
			);
			buildRules = (
			);
			dependencies = (
			);
			name = GlobalResume;
			productName = GlobalResume;
			productReference = 095E1FFF200D617D0078956B /* GlobalResume.app */;
			productType = "com.apple.product-type.application";
		};
		095E2015200D617D0078956B /* GlobalResumeTests */ = {
			isa = PBXNativeTarget;
			buildConfigurationList = 095E202D200D617D0078956B /* Build configuration list for PBXNativeTarget "GlobalResumeTests" */;
			buildPhases = (
				3BAECBD002F56392747BF4F2 /* [CP] Check Pods Manifest.lock */,
				095E2012200D617D0078956B /* Sources */,
				095E2013200D617D0078956B /* Frameworks */,
				095E2014200D617D0078956B /* Resources */,
				D68BEEBFE6190260CF4B7C38 /* [CP] Embed Pods Frameworks */,
				E54471AF824BC838071592C1 /* [CP] Copy Pods Resources */,
			);
			buildRules = (
			);
			dependencies = (
				095E2018200D617D0078956B /* PBXTargetDependency */,
			);
			name = GlobalResumeTests;
			productName = GlobalResumeTests;
			productReference = 095E2016200D617D0078956B /* GlobalResumeTests.xctest */;
			productType = "com.apple.product-type.bundle.unit-test";
		};
		095E2020200D617D0078956B /* GlobalResumeUITests */ = {
			isa = PBXNativeTarget;
			buildConfigurationList = 095E2030200D617D0078956B /* Build configuration list for PBXNativeTarget "GlobalResumeUITests" */;
			buildPhases = (
				82D450D705768B0D48FD07A8 /* [CP] Check Pods Manifest.lock */,
				095E201D200D617D0078956B /* Sources */,
				095E201E200D617D0078956B /* Frameworks */,
				095E201F200D617D0078956B /* Resources */,
				A157DB4F17555C6382DCEAE5 /* [CP] Embed Pods Frameworks */,
				A18A9745B5D98815CA948FEA /* [CP] Copy Pods Resources */,
			);
			buildRules = (
			);
			dependencies = (
				095E2023200D617D0078956B /* PBXTargetDependency */,
			);
			name = GlobalResumeUITests;
			productName = GlobalResumeUITests;
			productReference = 095E2021200D617D0078956B /* GlobalResumeUITests.xctest */;
			productType = "com.apple.product-type.bundle.ui-testing";
		};
/* End PBXNativeTarget section */

/* Begin PBXProject section */
		095E1FF7200D617D0078956B /* Project object */ = {
			isa = PBXProject;
			attributes = {
				LastSwiftUpdateCheck = 0920;
				LastUpgradeCheck = 0920;
				ORGANIZATIONNAME = "Joriah Lasater";
				TargetAttributes = {
					095E1FFE200D617D0078956B = {
						CreatedOnToolsVersion = 9.2;
						ProvisioningStyle = Automatic;
					};
					095E2015200D617D0078956B = {
						CreatedOnToolsVersion = 9.2;
						ProvisioningStyle = Automatic;
						TestTargetID = 095E1FFE200D617D0078956B;
					};
					095E2020200D617D0078956B = {
						CreatedOnToolsVersion = 9.2;
						ProvisioningStyle = Automatic;
						TestTargetID = 095E1FFE200D617D0078956B;
					};
				};
			};
			buildConfigurationList = 095E1FFA200D617D0078956B /* Build configuration list for PBXProject "GlobalResume" */;
			compatibilityVersion = "Xcode 8.0";
			developmentRegion = en;
			hasScannedForEncodings = 0;
			knownRegions = (
				en,
				Base,
			);
			mainGroup = 095E1FF6200D617D0078956B;
			productRefGroup = 095E2000200D617D0078956B /* Products */;
			projectDirPath = "";
			projectRoot = "";
			targets = (
				095E1FFE200D617D0078956B /* GlobalResume */,
				095E2015200D617D0078956B /* GlobalResumeTests */,
				095E2020200D617D0078956B /* GlobalResumeUITests */,
			);
		};
/* End PBXProject section */

/* Begin PBXResourcesBuildPhase section */
		095E1FFD200D617D0078956B /* Resources */ = {
			isa = PBXResourcesBuildPhase;
			buildActionMask = 2147483647;
			files = (
				0950C362201A568C007CA442 /* GoogleService-Info.plist in Resources */,
				095E200D200D617D0078956B /* Assets.xcassets in Resources */,
				095E2008200D617D0078956B /* Main.storyboard in Resources */,
				093A36C72028F3A2007CA443 /* Launch Screen.storyboard in Resources */,
				098EA4B0201FE49F006D7E02 /* OpenSans-ExtraBold.ttf in Resources */,
			);
			runOnlyForDeploymentPostprocessing = 0;
		};
		095E2014200D617D0078956B /* Resources */ = {
			isa = PBXResourcesBuildPhase;
			buildActionMask = 2147483647;
			files = (
			);
			runOnlyForDeploymentPostprocessing = 0;
		};
		095E201F200D617D0078956B /* Resources */ = {
			isa = PBXResourcesBuildPhase;
			buildActionMask = 2147483647;
			files = (
			);
			runOnlyForDeploymentPostprocessing = 0;
		};
/* End PBXResourcesBuildPhase section */

/* Begin PBXShellScriptBuildPhase section */
		276211A7D157FC3E64399472 /* [CP] Check Pods Manifest.lock */ = {
			isa = PBXShellScriptBuildPhase;
			buildActionMask = 2147483647;
			files = (
			);
			inputPaths = (
				"${PODS_PODFILE_DIR_PATH}/Podfile.lock",
				"${PODS_ROOT}/Manifest.lock",
			);
			name = "[CP] Check Pods Manifest.lock";
			outputPaths = (
				"$(DERIVED_FILE_DIR)/Pods-GlobalResume-checkManifestLockResult.txt",
			);
			runOnlyForDeploymentPostprocessing = 0;
			shellPath = /bin/sh;
			shellScript = "diff \"${PODS_PODFILE_DIR_PATH}/Podfile.lock\" \"${PODS_ROOT}/Manifest.lock\" > /dev/null\nif [ $? != 0 ] ; then\n    # print error to STDERR\n    echo \"error: The sandbox is not in sync with the Podfile.lock. Run 'pod install' or update your CocoaPods installation.\" >&2\n    exit 1\nfi\n# This output is used by Xcode 'outputs' to avoid re-running this script phase.\necho \"SUCCESS\" > \"${SCRIPT_OUTPUT_FILE_0}\"\n";
			showEnvVarsInLog = 0;
		};
		3BAECBD002F56392747BF4F2 /* [CP] Check Pods Manifest.lock */ = {
			isa = PBXShellScriptBuildPhase;
			buildActionMask = 2147483647;
			files = (
			);
			inputPaths = (
				"${PODS_PODFILE_DIR_PATH}/Podfile.lock",
				"${PODS_ROOT}/Manifest.lock",
			);
			name = "[CP] Check Pods Manifest.lock";
			outputPaths = (
				"$(DERIVED_FILE_DIR)/Pods-GlobalResumeTests-checkManifestLockResult.txt",
			);
			runOnlyForDeploymentPostprocessing = 0;
			shellPath = /bin/sh;
			shellScript = "diff \"${PODS_PODFILE_DIR_PATH}/Podfile.lock\" \"${PODS_ROOT}/Manifest.lock\" > /dev/null\nif [ $? != 0 ] ; then\n    # print error to STDERR\n    echo \"error: The sandbox is not in sync with the Podfile.lock. Run 'pod install' or update your CocoaPods installation.\" >&2\n    exit 1\nfi\n# This output is used by Xcode 'outputs' to avoid re-running this script phase.\necho \"SUCCESS\" > \"${SCRIPT_OUTPUT_FILE_0}\"\n";
			showEnvVarsInLog = 0;
		};
		82D450D705768B0D48FD07A8 /* [CP] Check Pods Manifest.lock */ = {
			isa = PBXShellScriptBuildPhase;
			buildActionMask = 2147483647;
			files = (
			);
			inputPaths = (
				"${PODS_PODFILE_DIR_PATH}/Podfile.lock",
				"${PODS_ROOT}/Manifest.lock",
			);
			name = "[CP] Check Pods Manifest.lock";
			outputPaths = (
				"$(DERIVED_FILE_DIR)/Pods-GlobalResumeUITests-checkManifestLockResult.txt",
			);
			runOnlyForDeploymentPostprocessing = 0;
			shellPath = /bin/sh;
			shellScript = "diff \"${PODS_PODFILE_DIR_PATH}/Podfile.lock\" \"${PODS_ROOT}/Manifest.lock\" > /dev/null\nif [ $? != 0 ] ; then\n    # print error to STDERR\n    echo \"error: The sandbox is not in sync with the Podfile.lock. Run 'pod install' or update your CocoaPods installation.\" >&2\n    exit 1\nfi\n# This output is used by Xcode 'outputs' to avoid re-running this script phase.\necho \"SUCCESS\" > \"${SCRIPT_OUTPUT_FILE_0}\"\n";
			showEnvVarsInLog = 0;
		};
		A157DB4F17555C6382DCEAE5 /* [CP] Embed Pods Frameworks */ = {
			isa = PBXShellScriptBuildPhase;
			buildActionMask = 2147483647;
			files = (
			);
			inputPaths = (
			);
			name = "[CP] Embed Pods Frameworks";
			outputPaths = (
			);
			runOnlyForDeploymentPostprocessing = 0;
			shellPath = /bin/sh;
			shellScript = "\"${SRCROOT}/Pods/Target Support Files/Pods-GlobalResumeUITests/Pods-GlobalResumeUITests-frameworks.sh\"\n";
			showEnvVarsInLog = 0;
		};
		A18A9745B5D98815CA948FEA /* [CP] Copy Pods Resources */ = {
			isa = PBXShellScriptBuildPhase;
			buildActionMask = 2147483647;
			files = (
			);
			inputPaths = (
			);
			name = "[CP] Copy Pods Resources";
			outputPaths = (
			);
			runOnlyForDeploymentPostprocessing = 0;
			shellPath = /bin/sh;
			shellScript = "\"${SRCROOT}/Pods/Target Support Files/Pods-GlobalResumeUITests/Pods-GlobalResumeUITests-resources.sh\"\n";
			showEnvVarsInLog = 0;
		};
		D68BEEBFE6190260CF4B7C38 /* [CP] Embed Pods Frameworks */ = {
			isa = PBXShellScriptBuildPhase;
			buildActionMask = 2147483647;
			files = (
			);
			inputPaths = (
			);
			name = "[CP] Embed Pods Frameworks";
			outputPaths = (
			);
			runOnlyForDeploymentPostprocessing = 0;
			shellPath = /bin/sh;
			shellScript = "\"${SRCROOT}/Pods/Target Support Files/Pods-GlobalResumeTests/Pods-GlobalResumeTests-frameworks.sh\"\n";
			showEnvVarsInLog = 0;
		};
		E54471AF824BC838071592C1 /* [CP] Copy Pods Resources */ = {
			isa = PBXShellScriptBuildPhase;
			buildActionMask = 2147483647;
			files = (
			);
			inputPaths = (
			);
			name = "[CP] Copy Pods Resources";
			outputPaths = (
			);
			runOnlyForDeploymentPostprocessing = 0;
			shellPath = /bin/sh;
			shellScript = "\"${SRCROOT}/Pods/Target Support Files/Pods-GlobalResumeTests/Pods-GlobalResumeTests-resources.sh\"\n";
			showEnvVarsInLog = 0;
		};
		F892DE3C67564871D5510FD4 /* [CP] Copy Pods Resources */ = {
			isa = PBXShellScriptBuildPhase;
			buildActionMask = 2147483647;
			files = (
			);
			inputPaths = (
			);
			name = "[CP] Copy Pods Resources";
			outputPaths = (
			);
			runOnlyForDeploymentPostprocessing = 0;
			shellPath = /bin/sh;
			shellScript = "\"${SRCROOT}/Pods/Target Support Files/Pods-GlobalResume/Pods-GlobalResume-resources.sh\"\n";
			showEnvVarsInLog = 0;
		};
		F9D0AD66AD217F50F8F09423 /* [CP] Embed Pods Frameworks */ = {
			isa = PBXShellScriptBuildPhase;
			buildActionMask = 2147483647;
			files = (
			);
			inputPaths = (
				"${SRCROOT}/Pods/Target Support Files/Pods-GlobalResume/Pods-GlobalResume-frameworks.sh",
				"${BUILT_PRODUCTS_DIR}/ConfettiView/ConfettiView.framework",
				"${BUILT_PRODUCTS_DIR}/GoogleToolboxForMac/GoogleToolboxForMac.framework",
				"${BUILT_PRODUCTS_DIR}/leveldb-library/leveldb.framework",
				"${BUILT_PRODUCTS_DIR}/nanopb/nanopb.framework",
			);
			name = "[CP] Embed Pods Frameworks";
			outputPaths = (
				"${TARGET_BUILD_DIR}/${FRAMEWORKS_FOLDER_PATH}/ConfettiView.framework",
				"${TARGET_BUILD_DIR}/${FRAMEWORKS_FOLDER_PATH}/GoogleToolboxForMac.framework",
				"${TARGET_BUILD_DIR}/${FRAMEWORKS_FOLDER_PATH}/leveldb.framework",
				"${TARGET_BUILD_DIR}/${FRAMEWORKS_FOLDER_PATH}/nanopb.framework",
			);
			runOnlyForDeploymentPostprocessing = 0;
			shellPath = /bin/sh;
			shellScript = "\"${SRCROOT}/Pods/Target Support Files/Pods-GlobalResume/Pods-GlobalResume-frameworks.sh\"\n";
			showEnvVarsInLog = 0;
		};
/* End PBXShellScriptBuildPhase section */

/* Begin PBXSourcesBuildPhase section */
		095E1FFB200D617D0078956B /* Sources */ = {
			isa = PBXSourcesBuildPhase;
			buildActionMask = 2147483647;
			files = (
				095E2040200D71310078956B /* InputVC.swift in Sources */,
				09206D2B202BFAE600AFEC6C /* ResumeInfo.swift in Sources */,
				09428DD6202E5BF600EC1376 /* ModelButton.swift in Sources */,
				095E203E200D669C0078956B /* CircleView.swift in Sources */,
				09202DEB200FCB6F00320D60 /* Fadeable.swift in Sources */,
				095E2005200D617D0078956B /* MainVC.swift in Sources */,
				095BE5832027C6D70011D55C /* ResumeRightView.swift in Sources */,
				095C4B4F20212A7000271CAB /* Education+CoreDataProperties.swift in Sources */,
				095C4B4E20212A7000271CAB /* ResumeData+CoreDataProperties.swift in Sources */,
				095C4B432021291C00271CAB /* PersistantService.swift in Sources */,
				09428DCE202E584A00EC1376 /* InputModelView.swift in Sources */,
				095C4B4B20212A7000271CAB /* Employment+CoreDataProperties.swift in Sources */,
				09428DD0202E586F00EC1376 /* ModelViewProtocol.swift in Sources */,
				098324C820124EF1003B32FF /* OneInstance.swift in Sources */,
				095E204D200DC85C0078956B /* TwoIconButtonsVC.swift in Sources */,
				09497198202EB25600065CAE /* ExamViewController.swift in Sources */,
				094DDD5C20180EB600A9D3F0 /* DescriptionVCViewController.swift in Sources */,
				094DDD582017FF5800A9D3F0 /* TwoBarButtonsVC.swift in Sources */,
				09554C5E2023C9AC0043B822 /* EditResumeCell.swift in Sources */,
				0913F9EE2021688900760EEA /* LoadableVCExtension.swift in Sources */,
				0920188A20314EA500387E0E /* ResumeDataService.swift in Sources */,
				098324C620124991003B32FF /* Trigger.swift in Sources */,
				09388FA2200E585200A8B623 /* Exam.swift in Sources */,
				09CE5FB6201FA9C30073BC4C /* BobbingImageView.swift in Sources */,
				095C4B4D20212A7000271CAB /* Employment+CoreDataClass.swift in Sources */,
				09388FA9200E72AC00A8B623 /* LoadableVC.swift in Sources */,
				090C8AC920105E1E00E58628 /* Roundable.swift in Sources */,
				09B33547201A84FD005FDEC2 /* FIRCollectionReferenceParent.swift in Sources */,
				095BE57F2027C6920011D55C /* ResumePresentationVCViewController.swift in Sources */,
				092018882031263A00387E0E /* TransitionService.swift in Sources */,
				09554C57202374A80043B822 /* ResumeCell.swift in Sources */,
				09554C55202374730043B822 /* ChooseResumeVC.swift in Sources */,
				09CE5FB8201FA9E10073BC4C /* Bobbable.swift in Sources */,
				095BE5812027C6B60011D55C /* ResumeLeftView.swift in Sources */,
				09206D2F202BFF1C00AFEC6C /* ExpandableImageView.swift in Sources */,
				094DDD5A20180D8C00A9D3F0 /* ExampleCell.swift in Sources */,
				09202DF2200FD6E300320D60 /* Loadable.swift in Sources */,
				09202DE7200FC87000320D60 /* Gender.swift in Sources */,
				095E2003200D617D0078956B /* AppDelegate.swift in Sources */,
				09428DC6202E27E600EC1376 /* KeyboardSetup.swift in Sources */,
				09CE5FBA201FC6720073BC4C /* Expandable.swift in Sources */,
				09B33545201A83F9005FDEC2 /* FIRFirebaseService.swift in Sources */,
				09428DD4202E5A7100EC1376 /* Type.swift in Sources */,
				09CE5FB4201FA5AF0073BC4C /* ExamEndedVC.swift in Sources */,
				09206D2D202BFBB500AFEC6C /* UIFontExtension.swift in Sources */,
				09206D31202BFFF700AFEC6C /* CustomButtonExtension.swift in Sources */,
				095BE574202763950011D55C /* PopupVC.swift in Sources */,
				09189827202F9D7800DD9B6A /* Inputable.swift in Sources */,
				090C8AC720105DD100E58628 /* CustomButton.swift in Sources */,
				095BE57D2027C66E0011D55C /* HistoryView.swift in Sources */,
				09428DD2202E5A5600EC1376 /* ModelExam.swift in Sources */,
				095E204B200DB6D80078956B /* ResumeDataHandler.swift in Sources */,
				09206D29202BE8E500AFEC6C /* UIColorExtensions.swift in Sources */,
				09497194202E933F00065CAE /* ModelManager.swift in Sources */,
				095C4B4C20212A7000271CAB /* Education+CoreDataClass.swift in Sources */,
				09554C592023A0170043B822 /* EditResumeVC.swift in Sources */,
				092018862031162000387E0E /* TransitionHandler.swift in Sources */,
				09202DE9200FCAAC00320D60 /* Animatable.swift in Sources */,
				09428DCA202E392700EC1376 /* UIViewExtension.swift in Sources */,
				09388FAB200EEC5300A8B623 /* ThreeBarButtonsVC.swift in Sources */,
				095E200B200D617D0078956B /* GlobalResume.xcdatamodeld in Sources */,
				095C4B5020212A7000271CAB /* ResumeData+CoreDataClass.swift in Sources */,
			);
			runOnlyForDeploymentPostprocessing = 0;
		};
		095E2012200D617D0078956B /* Sources */ = {
			isa = PBXSourcesBuildPhase;
			buildActionMask = 2147483647;
			files = (
				095E201B200D617D0078956B /* GlobalResumeTests.swift in Sources */,
			);
			runOnlyForDeploymentPostprocessing = 0;
		};
		095E201D200D617D0078956B /* Sources */ = {
			isa = PBXSourcesBuildPhase;
			buildActionMask = 2147483647;
			files = (
				095E2026200D617D0078956B /* GlobalResumeUITests.swift in Sources */,
			);
			runOnlyForDeploymentPostprocessing = 0;
		};
/* End PBXSourcesBuildPhase section */

/* Begin PBXTargetDependency section */
		095E2018200D617D0078956B /* PBXTargetDependency */ = {
			isa = PBXTargetDependency;
			target = 095E1FFE200D617D0078956B /* GlobalResume */;
			targetProxy = 095E2017200D617D0078956B /* PBXContainerItemProxy */;
		};
		095E2023200D617D0078956B /* PBXTargetDependency */ = {
			isa = PBXTargetDependency;
			target = 095E1FFE200D617D0078956B /* GlobalResume */;
			targetProxy = 095E2022200D617D0078956B /* PBXContainerItemProxy */;
		};
/* End PBXTargetDependency section */

/* Begin PBXVariantGroup section */
		095E2006200D617D0078956B /* Main.storyboard */ = {
			isa = PBXVariantGroup;
			children = (
				095E2007200D617D0078956B /* Base */,
			);
			name = Main.storyboard;
			sourceTree = "<group>";
		};
/* End PBXVariantGroup section */

/* Begin XCBuildConfiguration section */
		095E2028200D617D0078956B /* Debug */ = {
			isa = XCBuildConfiguration;
			buildSettings = {
				ALWAYS_SEARCH_USER_PATHS = NO;
				CLANG_ANALYZER_NONNULL = YES;
				CLANG_ANALYZER_NUMBER_OBJECT_CONVERSION = YES_AGGRESSIVE;
				CLANG_CXX_LANGUAGE_STANDARD = "gnu++14";
				CLANG_CXX_LIBRARY = "libc++";
				CLANG_ENABLE_MODULES = YES;
				CLANG_ENABLE_OBJC_ARC = YES;
				CLANG_WARN_BLOCK_CAPTURE_AUTORELEASING = YES;
				CLANG_WARN_BOOL_CONVERSION = YES;
				CLANG_WARN_COMMA = YES;
				CLANG_WARN_CONSTANT_CONVERSION = YES;
				CLANG_WARN_DIRECT_OBJC_ISA_USAGE = YES_ERROR;
				CLANG_WARN_DOCUMENTATION_COMMENTS = YES;
				CLANG_WARN_EMPTY_BODY = YES;
				CLANG_WARN_ENUM_CONVERSION = YES;
				CLANG_WARN_INFINITE_RECURSION = YES;
				CLANG_WARN_INT_CONVERSION = YES;
				CLANG_WARN_NON_LITERAL_NULL_CONVERSION = YES;
				CLANG_WARN_OBJC_LITERAL_CONVERSION = YES;
				CLANG_WARN_OBJC_ROOT_CLASS = YES_ERROR;
				CLANG_WARN_RANGE_LOOP_ANALYSIS = YES;
				CLANG_WARN_STRICT_PROTOTYPES = YES;
				CLANG_WARN_SUSPICIOUS_MOVE = YES;
				CLANG_WARN_UNGUARDED_AVAILABILITY = YES_AGGRESSIVE;
				CLANG_WARN_UNREACHABLE_CODE = YES;
				CLANG_WARN__DUPLICATE_METHOD_MATCH = YES;
				CODE_SIGN_IDENTITY = "iPhone Developer";
				COPY_PHASE_STRIP = NO;
				DEBUG_INFORMATION_FORMAT = dwarf;
				ENABLE_STRICT_OBJC_MSGSEND = YES;
				ENABLE_TESTABILITY = YES;
				GCC_C_LANGUAGE_STANDARD = gnu11;
				GCC_DYNAMIC_NO_PIC = NO;
				GCC_NO_COMMON_BLOCKS = YES;
				GCC_OPTIMIZATION_LEVEL = 0;
				GCC_PREPROCESSOR_DEFINITIONS = (
					"DEBUG=1",
					"$(inherited)",
				);
				GCC_WARN_64_TO_32_BIT_CONVERSION = YES;
				GCC_WARN_ABOUT_RETURN_TYPE = YES_ERROR;
				GCC_WARN_UNDECLARED_SELECTOR = YES;
				GCC_WARN_UNINITIALIZED_AUTOS = YES_AGGRESSIVE;
				GCC_WARN_UNUSED_FUNCTION = YES;
				GCC_WARN_UNUSED_VARIABLE = YES;
				IPHONEOS_DEPLOYMENT_TARGET = 11.2;
				MTL_ENABLE_DEBUG_INFO = YES;
				ONLY_ACTIVE_ARCH = YES;
				SDKROOT = iphoneos;
				SWIFT_ACTIVE_COMPILATION_CONDITIONS = DEBUG;
				SWIFT_OPTIMIZATION_LEVEL = "-Onone";
			};
			name = Debug;
		};
		095E2029200D617D0078956B /* Release */ = {
			isa = XCBuildConfiguration;
			buildSettings = {
				ALWAYS_SEARCH_USER_PATHS = NO;
				CLANG_ANALYZER_NONNULL = YES;
				CLANG_ANALYZER_NUMBER_OBJECT_CONVERSION = YES_AGGRESSIVE;
				CLANG_CXX_LANGUAGE_STANDARD = "gnu++14";
				CLANG_CXX_LIBRARY = "libc++";
				CLANG_ENABLE_MODULES = YES;
				CLANG_ENABLE_OBJC_ARC = YES;
				CLANG_WARN_BLOCK_CAPTURE_AUTORELEASING = YES;
				CLANG_WARN_BOOL_CONVERSION = YES;
				CLANG_WARN_COMMA = YES;
				CLANG_WARN_CONSTANT_CONVERSION = YES;
				CLANG_WARN_DIRECT_OBJC_ISA_USAGE = YES_ERROR;
				CLANG_WARN_DOCUMENTATION_COMMENTS = YES;
				CLANG_WARN_EMPTY_BODY = YES;
				CLANG_WARN_ENUM_CONVERSION = YES;
				CLANG_WARN_INFINITE_RECURSION = YES;
				CLANG_WARN_INT_CONVERSION = YES;
				CLANG_WARN_NON_LITERAL_NULL_CONVERSION = YES;
				CLANG_WARN_OBJC_LITERAL_CONVERSION = YES;
				CLANG_WARN_OBJC_ROOT_CLASS = YES_ERROR;
				CLANG_WARN_RANGE_LOOP_ANALYSIS = YES;
				CLANG_WARN_STRICT_PROTOTYPES = YES;
				CLANG_WARN_SUSPICIOUS_MOVE = YES;
				CLANG_WARN_UNGUARDED_AVAILABILITY = YES_AGGRESSIVE;
				CLANG_WARN_UNREACHABLE_CODE = YES;
				CLANG_WARN__DUPLICATE_METHOD_MATCH = YES;
				CODE_SIGN_IDENTITY = "iPhone Developer";
				COPY_PHASE_STRIP = NO;
				DEBUG_INFORMATION_FORMAT = "dwarf-with-dsym";
				ENABLE_NS_ASSERTIONS = NO;
				ENABLE_STRICT_OBJC_MSGSEND = YES;
				GCC_C_LANGUAGE_STANDARD = gnu11;
				GCC_NO_COMMON_BLOCKS = YES;
				GCC_WARN_64_TO_32_BIT_CONVERSION = YES;
				GCC_WARN_ABOUT_RETURN_TYPE = YES_ERROR;
				GCC_WARN_UNDECLARED_SELECTOR = YES;
				GCC_WARN_UNINITIALIZED_AUTOS = YES_AGGRESSIVE;
				GCC_WARN_UNUSED_FUNCTION = YES;
				GCC_WARN_UNUSED_VARIABLE = YES;
				IPHONEOS_DEPLOYMENT_TARGET = 11.2;
				MTL_ENABLE_DEBUG_INFO = NO;
				SDKROOT = iphoneos;
				SWIFT_OPTIMIZATION_LEVEL = "-Owholemodule";
				VALIDATE_PRODUCT = YES;
			};
			name = Release;
		};
		095E202B200D617D0078956B /* Debug */ = {
			isa = XCBuildConfiguration;
			baseConfigurationReference = 805B89746B92149B9FF41B00 /* Pods-GlobalResume.debug.xcconfig */;
			buildSettings = {
				ASSETCATALOG_COMPILER_APPICON_NAME = AppIcon;
				CODE_SIGN_STYLE = Automatic;
				DEVELOPMENT_TEAM = BMHTCPUWH7;
				INFOPLIST_FILE = GlobalResume/Info.plist;
				IPHONEOS_DEPLOYMENT_TARGET = 11.2;
				LD_RUNPATH_SEARCH_PATHS = "$(inherited) @executable_path/Frameworks";
				PRODUCT_BUNDLE_IDENTIFIER = ios.dev.joriah.GlobalResume;
				PRODUCT_NAME = "$(TARGET_NAME)";
				SDKROOT = iphoneos11.2;
				SWIFT_VERSION = 4.0;
				TARGETED_DEVICE_FAMILY = "1,2";
			};
			name = Debug;
		};
		095E202C200D617D0078956B /* Release */ = {
			isa = XCBuildConfiguration;
			baseConfigurationReference = 098F1BE8609678B660108273 /* Pods-GlobalResume.release.xcconfig */;
			buildSettings = {
				ASSETCATALOG_COMPILER_APPICON_NAME = AppIcon;
				CODE_SIGN_STYLE = Automatic;
				DEVELOPMENT_TEAM = BMHTCPUWH7;
				INFOPLIST_FILE = GlobalResume/Info.plist;
				IPHONEOS_DEPLOYMENT_TARGET = 11.2;
				LD_RUNPATH_SEARCH_PATHS = "$(inherited) @executable_path/Frameworks";
				PRODUCT_BUNDLE_IDENTIFIER = ios.dev.joriah.GlobalResume;
				PRODUCT_NAME = "$(TARGET_NAME)";
				SDKROOT = iphoneos11.2;
				SWIFT_VERSION = 4.0;
				TARGETED_DEVICE_FAMILY = "1,2";
			};
			name = Release;
		};
		095E202E200D617D0078956B /* Debug */ = {
			isa = XCBuildConfiguration;
			baseConfigurationReference = CF18B223AD9D2B26DF0D3FE8 /* Pods-GlobalResumeTests.debug.xcconfig */;
			buildSettings = {
				ALWAYS_EMBED_SWIFT_STANDARD_LIBRARIES = YES;
				BUNDLE_LOADER = "$(TEST_HOST)";
				CODE_SIGN_STYLE = Automatic;
				DEVELOPMENT_TEAM = BMHTCPUWH7;
				INFOPLIST_FILE = GlobalResumeTests/Info.plist;
				LD_RUNPATH_SEARCH_PATHS = "$(inherited) @executable_path/Frameworks @loader_path/Frameworks";
				PRODUCT_BUNDLE_IDENTIFIER = ios.dev.joriah.GlobalResumeTests;
				PRODUCT_NAME = "$(TARGET_NAME)";
				SWIFT_VERSION = 4.0;
				TARGETED_DEVICE_FAMILY = "1,2";
				TEST_HOST = "$(BUILT_PRODUCTS_DIR)/GlobalResume.app/GlobalResume";
			};
			name = Debug;
		};
		095E202F200D617D0078956B /* Release */ = {
			isa = XCBuildConfiguration;
			baseConfigurationReference = F63CBB0466921259852152F5 /* Pods-GlobalResumeTests.release.xcconfig */;
			buildSettings = {
				ALWAYS_EMBED_SWIFT_STANDARD_LIBRARIES = YES;
				BUNDLE_LOADER = "$(TEST_HOST)";
				CODE_SIGN_STYLE = Automatic;
				DEVELOPMENT_TEAM = BMHTCPUWH7;
				INFOPLIST_FILE = GlobalResumeTests/Info.plist;
				LD_RUNPATH_SEARCH_PATHS = "$(inherited) @executable_path/Frameworks @loader_path/Frameworks";
				PRODUCT_BUNDLE_IDENTIFIER = ios.dev.joriah.GlobalResumeTests;
				PRODUCT_NAME = "$(TARGET_NAME)";
				SWIFT_VERSION = 4.0;
				TARGETED_DEVICE_FAMILY = "1,2";
				TEST_HOST = "$(BUILT_PRODUCTS_DIR)/GlobalResume.app/GlobalResume";
			};
			name = Release;
		};
		095E2031200D617D0078956B /* Debug */ = {
			isa = XCBuildConfiguration;
			baseConfigurationReference = A65ED7BFFECE6A7EC422AE08 /* Pods-GlobalResumeUITests.debug.xcconfig */;
			buildSettings = {
				ALWAYS_EMBED_SWIFT_STANDARD_LIBRARIES = YES;
				CODE_SIGN_STYLE = Automatic;
				DEVELOPMENT_TEAM = BMHTCPUWH7;
				INFOPLIST_FILE = GlobalResumeUITests/Info.plist;
				LD_RUNPATH_SEARCH_PATHS = "$(inherited) @executable_path/Frameworks @loader_path/Frameworks";
				PRODUCT_BUNDLE_IDENTIFIER = ios.dev.joriah.GlobalResumeUITests;
				PRODUCT_NAME = "$(TARGET_NAME)";
				SWIFT_VERSION = 4.0;
				TARGETED_DEVICE_FAMILY = "1,2";
				TEST_TARGET_NAME = GlobalResume;
			};
			name = Debug;
		};
		095E2032200D617D0078956B /* Release */ = {
			isa = XCBuildConfiguration;
			baseConfigurationReference = 30C5ECFDACCE568DC9634724 /* Pods-GlobalResumeUITests.release.xcconfig */;
			buildSettings = {
				ALWAYS_EMBED_SWIFT_STANDARD_LIBRARIES = YES;
				CODE_SIGN_STYLE = Automatic;
				DEVELOPMENT_TEAM = BMHTCPUWH7;
				INFOPLIST_FILE = GlobalResumeUITests/Info.plist;
				LD_RUNPATH_SEARCH_PATHS = "$(inherited) @executable_path/Frameworks @loader_path/Frameworks";
				PRODUCT_BUNDLE_IDENTIFIER = ios.dev.joriah.GlobalResumeUITests;
				PRODUCT_NAME = "$(TARGET_NAME)";
				SWIFT_VERSION = 4.0;
				TARGETED_DEVICE_FAMILY = "1,2";
				TEST_TARGET_NAME = GlobalResume;
			};
			name = Release;
		};
/* End XCBuildConfiguration section */

/* Begin XCConfigurationList section */
		095E1FFA200D617D0078956B /* Build configuration list for PBXProject "GlobalResume" */ = {
			isa = XCConfigurationList;
			buildConfigurations = (
				095E2028200D617D0078956B /* Debug */,
				095E2029200D617D0078956B /* Release */,
			);
			defaultConfigurationIsVisible = 0;
			defaultConfigurationName = Release;
		};
		095E202A200D617D0078956B /* Build configuration list for PBXNativeTarget "GlobalResume" */ = {
			isa = XCConfigurationList;
			buildConfigurations = (
				095E202B200D617D0078956B /* Debug */,
				095E202C200D617D0078956B /* Release */,
			);
			defaultConfigurationIsVisible = 0;
			defaultConfigurationName = Release;
		};
		095E202D200D617D0078956B /* Build configuration list for PBXNativeTarget "GlobalResumeTests" */ = {
			isa = XCConfigurationList;
			buildConfigurations = (
				095E202E200D617D0078956B /* Debug */,
				095E202F200D617D0078956B /* Release */,
			);
			defaultConfigurationIsVisible = 0;
			defaultConfigurationName = Release;
		};
		095E2030200D617D0078956B /* Build configuration list for PBXNativeTarget "GlobalResumeUITests" */ = {
			isa = XCConfigurationList;
			buildConfigurations = (
				095E2031200D617D0078956B /* Debug */,
				095E2032200D617D0078956B /* Release */,
			);
			defaultConfigurationIsVisible = 0;
			defaultConfigurationName = Release;
		};
/* End XCConfigurationList section */

/* Begin XCVersionGroup section */
		095E2009200D617D0078956B /* GlobalResume.xcdatamodeld */ = {
			isa = XCVersionGroup;
			children = (
				095E200A200D617D0078956B /* GlobalResume.xcdatamodel */,
			);
			currentVersion = 095E200A200D617D0078956B /* GlobalResume.xcdatamodel */;
			path = GlobalResume.xcdatamodeld;
			sourceTree = "<group>";
			versionGroupType = wrapper.xcdatamodel;
		};
/* End XCVersionGroup section */
	};
	rootObject = 095E1FF7200D617D0078956B /* Project object */;
}
